
Microsoft Visual Studio Solution File, Format Version 12.00
# Visual Studio Version 16
VisualStudioVersion = 16.0.30611.23
MinimumVisualStudioVersion = 10.0.40219.1
Project("{FAE04EC0-301F-11D3-BF4B-00C04F79EFBC}") = "ReportDBmySQL", "ReportDBmySQL.csproj", "{A9B0722D-C2CB-4B70-B7D4-0A0751697CEC}"
EndProject
Global
	GlobalSection(SolutionConfigurationPlatforms) = preSolution
		Debug|Any CPU = Debug|Any CPU
		Release|Any CPU = Release|Any CPU
	EndGlobalSection
	GlobalSection(ProjectConfigurationPlatforms) = postSolution
		{A9B0722D-C2CB-4B70-B7D4-0A0751697CEC}.Debug|Any CPU.ActiveCfg = Debug|Any CPU
		{A9B0722D-C2CB-4B70-B7D4-0A0751697CEC}.Debug|Any CPU.Build.0 = Debug|Any CPU
		{A9B0722D-C2CB-4B70-B7D4-0A0751697CEC}.Release|Any CPU.ActiveCfg = Release|Any CPU
		{A9B0722D-C2CB-4B70-B7D4-0A0751697CEC}.Release|Any CPU.Build.0 = Release|Any CPU
	EndGlobalSection
	GlobalSection(SolutionProperties) = preSolution
		HideSolutionNode = FALSE
	EndGlobalSection
	GlobalSection(ExtensibilityGlobals) = postSolution
		SolutionGuid = {54010919-AADD-491E-BC7E-D0783B698324}
	EndGlobalSection
EndGlobal
